// !$*UTF8*$!
{
	archiveVersion = 1;
	classes = {
	};
	objectVersion = 50;
	objects = {

/* Begin PBXBuildFile section */
		011A004E24873C6400D18027 /* BundleMPTests.swift in Sources */ = {isa = PBXBuildFile; fileRef = 011A004D24873C6400D18027 /* BundleMPTests.swift */; };
		011A004F24873C6400D18027 /* BundleMPTests.swift in Sources */ = {isa = PBXBuildFile; fileRef = 011A004D24873C6400D18027 /* BundleMPTests.swift */; };
		011A0051248740F900D18027 /* UICollectionView+Maple.swift in Sources */ = {isa = PBXBuildFile; fileRef = 011A0050248740F900D18027 /* UICollectionView+Maple.swift */; };
		011A00532487482100D18027 /* UICollectionViewMPTests.swift in Sources */ = {isa = PBXBuildFile; fileRef = 011A00522487482100D18027 /* UICollectionViewMPTests.swift */; };
		012C4BD725622AD700A1A5AE /* UIImageMPTests.swift in Sources */ = {isa = PBXBuildFile; fileRef = 012C4BD625622AD700A1A5AE /* UIImageMPTests.swift */; };
		012C4BE225622D6D00A1A5AE /* UIImage+Maple.swift in Sources */ = {isa = PBXBuildFile; fileRef = 012C4BE125622D6D00A1A5AE /* UIImage+Maple.swift */; };
		012C4BF82562620100A1A5AE /* UIAlertAction+Maple.swift in Sources */ = {isa = PBXBuildFile; fileRef = 012C4BF72562620100A1A5AE /* UIAlertAction+Maple.swift */; };
		012C4BFE256262C400A1A5AE /* UIAlertActionMPTests.swift in Sources */ = {isa = PBXBuildFile; fileRef = 012C4BFD256262C400A1A5AE /* UIAlertActionMPTests.swift */; };
		012C4C042562671200A1A5AE /* UIImageView+Maple.swift in Sources */ = {isa = PBXBuildFile; fileRef = 012C4C032562671200A1A5AE /* UIImageView+Maple.swift */; };
		012C4C0A2562689900A1A5AE /* UIImageViewMPTests.swift in Sources */ = {isa = PBXBuildFile; fileRef = 012C4C092562689900A1A5AE /* UIImageViewMPTests.swift */; };
		0136CD942B490514009C1CB7 /* UIStackView+Maple.swift in Sources */ = {isa = PBXBuildFile; fileRef = 0136CD932B490514009C1CB7 /* UIStackView+Maple.swift */; };
		0136CD972B490660009C1CB7 /* UIStackViewMPTests.swift in Sources */ = {isa = PBXBuildFile; fileRef = 0136CD952B49061F009C1CB7 /* UIStackViewMPTests.swift */; };
		013DDE9F248206F40095E201 /* Date+Maple.swift in Sources */ = {isa = PBXBuildFile; fileRef = 013DDE9E248206F40095E201 /* Date+Maple.swift */; };
		013DDEA0248206F40095E201 /* Date+Maple.swift in Sources */ = {isa = PBXBuildFile; fileRef = 013DDE9E248206F40095E201 /* Date+Maple.swift */; };
		013DDEA22482075F0095E201 /* DateMPTests.swift in Sources */ = {isa = PBXBuildFile; fileRef = 013DDEA12482075F0095E201 /* DateMPTests.swift */; };
		013DDEA32482075F0095E201 /* DateMPTests.swift in Sources */ = {isa = PBXBuildFile; fileRef = 013DDEA12482075F0095E201 /* DateMPTests.swift */; };
		013DDEA5248240160095E201 /* String+Maple.swift in Sources */ = {isa = PBXBuildFile; fileRef = 013DDEA4248240160095E201 /* String+Maple.swift */; };
		013DDEA6248240160095E201 /* String+Maple.swift in Sources */ = {isa = PBXBuildFile; fileRef = 013DDEA4248240160095E201 /* String+Maple.swift */; };
		013DDEA8248240DC0095E201 /* StringMPTests.swift in Sources */ = {isa = PBXBuildFile; fileRef = 013DDEA7248240DC0095E201 /* StringMPTests.swift */; };
		013DDEA9248240DC0095E201 /* StringMPTests.swift in Sources */ = {isa = PBXBuildFile; fileRef = 013DDEA7248240DC0095E201 /* StringMPTests.swift */; };
		013DDEAC248248050095E201 /* NibLoadable.swift in Sources */ = {isa = PBXBuildFile; fileRef = 013DDEAB248248050095E201 /* NibLoadable.swift */; };
		013DDEAD248248050095E201 /* NibLoadable.swift in Sources */ = {isa = PBXBuildFile; fileRef = 013DDEAB248248050095E201 /* NibLoadable.swift */; };
		013DDEB724824A600095E201 /* EdgeInsetsExtensions.swift in Sources */ = {isa = PBXBuildFile; fileRef = 013DDEB624824A600095E201 /* EdgeInsetsExtensions.swift */; };
		013DDEB824824A600095E201 /* EdgeInsetsExtensions.swift in Sources */ = {isa = PBXBuildFile; fileRef = 013DDEB624824A600095E201 /* EdgeInsetsExtensions.swift */; };
		013DDEBA24824E240095E201 /* EdgeInsetsExtensionsTests.swift in Sources */ = {isa = PBXBuildFile; fileRef = 013DDEB924824E240095E201 /* EdgeInsetsExtensionsTests.swift */; };
		013DDEBB24824E240095E201 /* EdgeInsetsExtensionsTests.swift in Sources */ = {isa = PBXBuildFile; fileRef = 013DDEB924824E240095E201 /* EdgeInsetsExtensionsTests.swift */; };
		013DDEBD248250240095E201 /* ColorExtensions.swift in Sources */ = {isa = PBXBuildFile; fileRef = 013DDEBC248250240095E201 /* ColorExtensions.swift */; };
		013DDEBE248250240095E201 /* ColorExtensions.swift in Sources */ = {isa = PBXBuildFile; fileRef = 013DDEBC248250240095E201 /* ColorExtensions.swift */; };
		013DDEC0248254A60095E201 /* ColorExtensionsTests.swift in Sources */ = {isa = PBXBuildFile; fileRef = 013DDEBF248254A60095E201 /* ColorExtensionsTests.swift */; };
		013DDEC1248254A60095E201 /* ColorExtensionsTests.swift in Sources */ = {isa = PBXBuildFile; fileRef = 013DDEBF248254A60095E201 /* ColorExtensionsTests.swift */; };
		013DDEC3248264FF0095E201 /* NSImage+Maple.swift in Sources */ = {isa = PBXBuildFile; fileRef = 013DDEC2248264FF0095E201 /* NSImage+Maple.swift */; };
		013DDEC52482653B0095E201 /* NSImageMPTests.swift in Sources */ = {isa = PBXBuildFile; fileRef = 013DDEC42482653B0095E201 /* NSImageMPTests.swift */; };
		0174DF512480EDC800258824 /* Maple.swift in Sources */ = {isa = PBXBuildFile; fileRef = 0174DF502480EDC800258824 /* Maple.swift */; };
		0174DF522480EDC800258824 /* Maple.swift in Sources */ = {isa = PBXBuildFile; fileRef = 0174DF502480EDC800258824 /* Maple.swift */; };
		0174DF552480EF1300258824 /* Bundle+Maple.swift in Sources */ = {isa = PBXBuildFile; fileRef = 0174DF542480EF1300258824 /* Bundle+Maple.swift */; };
		0174DF562480EF1300258824 /* Bundle+Maple.swift in Sources */ = {isa = PBXBuildFile; fileRef = 0174DF542480EF1300258824 /* Bundle+Maple.swift */; };
		0174DF7C2480F5A100258824 /* UIView+Maple.swift in Sources */ = {isa = PBXBuildFile; fileRef = 0174DF7B2480F5A100258824 /* UIView+Maple.swift */; };
		0174DFC72480FCC800258824 /* Maple.framework in Frameworks */ = {isa = PBXBuildFile; fileRef = 0174DF1C2480EC7D00258824 /* Maple.framework */; };
		0174DFCD2480FD6C00258824 /* UIViewMPTests.swift in Sources */ = {isa = PBXBuildFile; fileRef = 0174DF7E2480F61600258824 /* UIViewMPTests.swift */; };
		0174DFCF2480FDA900258824 /* UITextField+Maple.swift in Sources */ = {isa = PBXBuildFile; fileRef = 0174DFCE2480FDA900258824 /* UITextField+Maple.swift */; };
		0174DFD12481034F00258824 /* UITextFieldMPTests.swift in Sources */ = {isa = PBXBuildFile; fileRef = 0174DFD02481034F00258824 /* UITextFieldMPTests.swift */; };
		01AD2D1229A5BBB1005C99C3 /* OptionalExtensions.swift in Sources */ = {isa = PBXBuildFile; fileRef = 01AD2D1129A5BBB1005C99C3 /* OptionalExtensions.swift */; };
		01AD2D1329A5BBB1005C99C3 /* OptionalExtensions.swift in Sources */ = {isa = PBXBuildFile; fileRef = 01AD2D1129A5BBB1005C99C3 /* OptionalExtensions.swift */; };
		01AD2D1C29A5BCC8005C99C3 /* OptionalExtensionsTests.swift in Sources */ = {isa = PBXBuildFile; fileRef = 01AD2D1929A5BCBF005C99C3 /* OptionalExtensionsTests.swift */; };
		01AD2D1D29A5BCC9005C99C3 /* OptionalExtensionsTests.swift in Sources */ = {isa = PBXBuildFile; fileRef = 01AD2D1929A5BCBF005C99C3 /* OptionalExtensionsTests.swift */; };
		01AD2D1F29A5BD67005C99C3 /* ArrayExtensions.swift in Sources */ = {isa = PBXBuildFile; fileRef = 01AD2D1E29A5BD67005C99C3 /* ArrayExtensions.swift */; };
		01AD2D2029A5BD67005C99C3 /* ArrayExtensions.swift in Sources */ = {isa = PBXBuildFile; fileRef = 01AD2D1E29A5BD67005C99C3 /* ArrayExtensions.swift */; };
		01AD2D2429A5BDD8005C99C3 /* ArrayExtensionsTests.swift in Sources */ = {isa = PBXBuildFile; fileRef = 01AD2D2129A5BDBC005C99C3 /* ArrayExtensionsTests.swift */; };
		01AD2D2529A5BDD8005C99C3 /* ArrayExtensionsTests.swift in Sources */ = {isa = PBXBuildFile; fileRef = 01AD2D2129A5BDBC005C99C3 /* ArrayExtensionsTests.swift */; };
		01AD2D2729A5C010005C99C3 /* DictionaryExtensions.swift in Sources */ = {isa = PBXBuildFile; fileRef = 01AD2D2629A5C010005C99C3 /* DictionaryExtensions.swift */; };
		01AD2D2829A5C010005C99C3 /* DictionaryExtensions.swift in Sources */ = {isa = PBXBuildFile; fileRef = 01AD2D2629A5C010005C99C3 /* DictionaryExtensions.swift */; };
		01AD2D2A29A5C0D8005C99C3 /* DictionaryExtensionsTests.swift in Sources */ = {isa = PBXBuildFile; fileRef = 01AD2D2929A5C0D8005C99C3 /* DictionaryExtensionsTests.swift */; };
		01AD2D2B29A5C0D8005C99C3 /* DictionaryExtensionsTests.swift in Sources */ = {isa = PBXBuildFile; fileRef = 01AD2D2929A5C0D8005C99C3 /* DictionaryExtensionsTests.swift */; };
		01AD2D2C29A619FD005C99C3 /* TestImage.png in Resources */ = {isa = PBXBuildFile; fileRef = 01C91CF3290A22C300A53401 /* TestImage.png */; };
		01C91CF7290A22C300A53401 /* TestImage.png in Resources */ = {isa = PBXBuildFile; fileRef = 01C91CF3290A22C300A53401 /* TestImage.png */; };
		01C91CF8290A22C300A53401 /* UICollectionViewCell.xib in Resources */ = {isa = PBXBuildFile; fileRef = 01C91CF4290A22C300A53401 /* UICollectionViewCell.xib */; };
		01C91CF9290A22C300A53401 /* UITableViewCell.xib in Resources */ = {isa = PBXBuildFile; fileRef = 01C91CF5290A22C300A53401 /* UITableViewCell.xib */; };
		01C91CFA290A22C300A53401 /* UITableViewHeaderFooterView.xib in Resources */ = {isa = PBXBuildFile; fileRef = 01C91CF6290A22C300A53401 /* UITableViewHeaderFooterView.xib */; };
		01CEC2E92481F54200CF21B9 /* NSView+Maple.swift in Sources */ = {isa = PBXBuildFile; fileRef = 01CEC2E82481F54200CF21B9 /* NSView+Maple.swift */; };
		01CEC2F32481F58200CF21B9 /* Maple.framework in Frameworks */ = {isa = PBXBuildFile; fileRef = 0174DF382480ECAD00258824 /* Maple.framework */; };
		01CEC2FA2481F62100CF21B9 /* NSViewMPTests.swift in Sources */ = {isa = PBXBuildFile; fileRef = 01CEC2F92481F62100CF21B9 /* NSViewMPTests.swift */; };
		01CEC2FC2481FF0D00CF21B9 /* UITableView+Maple.swift in Sources */ = {isa = PBXBuildFile; fileRef = 01CEC2FB2481FF0D00CF21B9 /* UITableView+Maple.swift */; };
		01CEC2FE2481FFCE00CF21B9 /* UITableViewMPTests.swift in Sources */ = {isa = PBXBuildFile; fileRef = 01CEC2FD2481FFCE00CF21B9 /* UITableViewMPTests.swift */; };
		01DD61E129C942F500792AE6 /* URL+Maple.swift in Sources */ = {isa = PBXBuildFile; fileRef = 01DD61E029C942F500792AE6 /* URL+Maple.swift */; };
		01DD61E229C942F500792AE6 /* URL+Maple.swift in Sources */ = {isa = PBXBuildFile; fileRef = 01DD61E029C942F500792AE6 /* URL+Maple.swift */; };
		01DD61E629C946E000792AE6 /* URLMPTests.swift in Sources */ = {isa = PBXBuildFile; fileRef = 01DD61E329C946BC00792AE6 /* URLMPTests.swift */; };
		01DD61E729C946E000792AE6 /* URLMPTests.swift in Sources */ = {isa = PBXBuildFile; fileRef = 01DD61E329C946BC00792AE6 /* URLMPTests.swift */; };
		01DD61EE29C948AE00792AE6 /* DispatchQueue+Maple.swift in Sources */ = {isa = PBXBuildFile; fileRef = 01DD61ED29C948AE00792AE6 /* DispatchQueue+Maple.swift */; };
		01DD61EF29C948AE00792AE6 /* DispatchQueue+Maple.swift in Sources */ = {isa = PBXBuildFile; fileRef = 01DD61ED29C948AE00792AE6 /* DispatchQueue+Maple.swift */; };
		01DD61F229C94E5200792AE6 /* DispatchMPTests.swift in Sources */ = {isa = PBXBuildFile; fileRef = 01DD61F129C94E5200792AE6 /* DispatchMPTests.swift */; };
		01DD61F329C94E5200792AE6 /* DispatchMPTests.swift in Sources */ = {isa = PBXBuildFile; fileRef = 01DD61F129C94E5200792AE6 /* DispatchMPTests.swift */; };
		01E5F5AC2BC241480005D730 /* DirectionalEdgeInsetsExtensions.swift in Sources */ = {isa = PBXBuildFile; fileRef = 01E5F5AB2BC241480005D730 /* DirectionalEdgeInsetsExtensions.swift */; };
		01E5F5AD2BC241480005D730 /* DirectionalEdgeInsetsExtensions.swift in Sources */ = {isa = PBXBuildFile; fileRef = 01E5F5AB2BC241480005D730 /* DirectionalEdgeInsetsExtensions.swift */; };
		01E5F5AF2BC246870005D730 /* DirectionalEdgeInsetsExtensionsTests.swift in Sources */ = {isa = PBXBuildFile; fileRef = 01E5F5AE2BC246870005D730 /* DirectionalEdgeInsetsExtensionsTests.swift */; };
		01E5F5B02BC246870005D730 /* DirectionalEdgeInsetsExtensionsTests.swift in Sources */ = {isa = PBXBuildFile; fileRef = 01E5F5AE2BC246870005D730 /* DirectionalEdgeInsetsExtensionsTests.swift */; };
		01E5F5B22BC24C3C0005D730 /* CaseIterableExtensions.swift in Sources */ = {isa = PBXBuildFile; fileRef = 01E5F5B12BC24C3C0005D730 /* CaseIterableExtensions.swift */; };
		01E5F5B32BC24C3C0005D730 /* CaseIterableExtensions.swift in Sources */ = {isa = PBXBuildFile; fileRef = 01E5F5B12BC24C3C0005D730 /* CaseIterableExtensions.swift */; };
		01E5F5B52BC24DD00005D730 /* CaseIterableExtensionsTests.swift in Sources */ = {isa = PBXBuildFile; fileRef = 01E5F5B42BC24DD00005D730 /* CaseIterableExtensionsTests.swift */; };
		01E5F5B62BC24DD00005D730 /* CaseIterableExtensionsTests.swift in Sources */ = {isa = PBXBuildFile; fileRef = 01E5F5B42BC24DD00005D730 /* CaseIterableExtensionsTests.swift */; };
		01FA2FA4263A8D2F002B932D /* Data+Maple.swift in Sources */ = {isa = PBXBuildFile; fileRef = 01FA2FA3263A8D2F002B932D /* Data+Maple.swift */; };
		01FA2FA5263A8D2F002B932D /* Data+Maple.swift in Sources */ = {isa = PBXBuildFile; fileRef = 01FA2FA3263A8D2F002B932D /* Data+Maple.swift */; };
		01FA2FA7263A9003002B932D /* DataMPTests.swift in Sources */ = {isa = PBXBuildFile; fileRef = 01FA2FA6263A9003002B932D /* DataMPTests.swift */; };
		01FA2FA8263A9003002B932D /* DataMPTests.swift in Sources */ = {isa = PBXBuildFile; fileRef = 01FA2FA6263A9003002B932D /* DataMPTests.swift */; };
		01FA2FAA263A9605002B932D /* UIScrollView+Maple.swift in Sources */ = {isa = PBXBuildFile; fileRef = 01FA2FA9263A9605002B932D /* UIScrollView+Maple.swift */; };
		01FA2FAD263A985C002B932D /* UIScrollViewMPTests.swift in Sources */ = {isa = PBXBuildFile; fileRef = 01FA2FAC263A985C002B932D /* UIScrollViewMPTests.swift */; };
		01FA2FAF263A999B002B932D /* UISwitch+Maple.swift in Sources */ = {isa = PBXBuildFile; fileRef = 01FA2FAE263A999B002B932D /* UISwitch+Maple.swift */; };
		01FA2FB1263A9A9A002B932D /* UISwitchMPTests.swift in Sources */ = {isa = PBXBuildFile; fileRef = 01FA2FB0263A9A9A002B932D /* UISwitchMPTests.swift */; };
/* End PBXBuildFile section */

/* Begin PBXContainerItemProxy section */
		0174DFC82480FCC800258824 /* PBXContainerItemProxy */ = {
			isa = PBXContainerItemProxy;
			containerPortal = 0174DF032480EC1800258824 /* Project object */;
			proxyType = 1;
			remoteGlobalIDString = 0174DF1B2480EC7D00258824;
			remoteInfo = "Maple-iOS";
		};
		01CEC2F42481F58200CF21B9 /* PBXContainerItemProxy */ = {
			isa = PBXContainerItemProxy;
			containerPortal = 0174DF032480EC1800258824 /* Project object */;
			proxyType = 1;
			remoteGlobalIDString = 0174DF372480ECAD00258824;
			remoteInfo = "Maple-macOS";
		};
/* End PBXContainerItemProxy section */

/* Begin PBXFileReference section */
		0107D37727BA092400D52DCB /* Maple.podspec */ = {isa = PBXFileReference; lastKnownFileType = text; path = Maple.podspec; sourceTree = "<group>"; xcLanguageSpecificationIdentifier = xcode.lang.ruby; };
		011A004D24873C6400D18027 /* BundleMPTests.swift */ = {isa = PBXFileReference; lastKnownFileType = sourcecode.swift; path = BundleMPTests.swift; sourceTree = "<group>"; };
		011A0050248740F900D18027 /* UICollectionView+Maple.swift */ = {isa = PBXFileReference; lastKnownFileType = sourcecode.swift; path = "UICollectionView+Maple.swift"; sourceTree = "<group>"; };
		011A00522487482100D18027 /* UICollectionViewMPTests.swift */ = {isa = PBXFileReference; lastKnownFileType = sourcecode.swift; path = UICollectionViewMPTests.swift; sourceTree = "<group>"; };
		012C4BD625622AD700A1A5AE /* UIImageMPTests.swift */ = {isa = PBXFileReference; lastKnownFileType = sourcecode.swift; path = UIImageMPTests.swift; sourceTree = "<group>"; };
		012C4BE125622D6D00A1A5AE /* UIImage+Maple.swift */ = {isa = PBXFileReference; lastKnownFileType = sourcecode.swift; path = "UIImage+Maple.swift"; sourceTree = "<group>"; };
		012C4BF72562620100A1A5AE /* UIAlertAction+Maple.swift */ = {isa = PBXFileReference; lastKnownFileType = sourcecode.swift; path = "UIAlertAction+Maple.swift"; sourceTree = "<group>"; };
		012C4BFD256262C400A1A5AE /* UIAlertActionMPTests.swift */ = {isa = PBXFileReference; lastKnownFileType = sourcecode.swift; path = UIAlertActionMPTests.swift; sourceTree = "<group>"; };
		012C4C032562671200A1A5AE /* UIImageView+Maple.swift */ = {isa = PBXFileReference; lastKnownFileType = sourcecode.swift; path = "UIImageView+Maple.swift"; sourceTree = "<group>"; };
		012C4C092562689900A1A5AE /* UIImageViewMPTests.swift */ = {isa = PBXFileReference; lastKnownFileType = sourcecode.swift; path = UIImageViewMPTests.swift; sourceTree = "<group>"; };
		0136CD932B490514009C1CB7 /* UIStackView+Maple.swift */ = {isa = PBXFileReference; lastKnownFileType = sourcecode.swift; path = "UIStackView+Maple.swift"; sourceTree = "<group>"; };
		0136CD952B49061F009C1CB7 /* UIStackViewMPTests.swift */ = {isa = PBXFileReference; lastKnownFileType = sourcecode.swift; path = UIStackViewMPTests.swift; sourceTree = "<group>"; };
		013DDE9E248206F40095E201 /* Date+Maple.swift */ = {isa = PBXFileReference; fileEncoding = 4; lastKnownFileType = sourcecode.swift; path = "Date+Maple.swift"; sourceTree = "<group>"; };
		013DDEA12482075F0095E201 /* DateMPTests.swift */ = {isa = PBXFileReference; lastKnownFileType = sourcecode.swift; path = DateMPTests.swift; sourceTree = "<group>"; };
		013DDEA4248240160095E201 /* String+Maple.swift */ = {isa = PBXFileReference; fileEncoding = 4; lastKnownFileType = sourcecode.swift; path = "String+Maple.swift"; sourceTree = "<group>"; };
		013DDEA7248240DC0095E201 /* StringMPTests.swift */ = {isa = PBXFileReference; lastKnownFileType = sourcecode.swift; path = StringMPTests.swift; sourceTree = "<group>"; };
		013DDEAB248248050095E201 /* NibLoadable.swift */ = {isa = PBXFileReference; fileEncoding = 4; lastKnownFileType = sourcecode.swift; path = NibLoadable.swift; sourceTree = "<group>"; };
		013DDEB624824A600095E201 /* EdgeInsetsExtensions.swift */ = {isa = PBXFileReference; fileEncoding = 4; lastKnownFileType = sourcecode.swift; path = EdgeInsetsExtensions.swift; sourceTree = "<group>"; };
		013DDEB924824E240095E201 /* EdgeInsetsExtensionsTests.swift */ = {isa = PBXFileReference; lastKnownFileType = sourcecode.swift; path = EdgeInsetsExtensionsTests.swift; sourceTree = "<group>"; };
		013DDEBC248250240095E201 /* ColorExtensions.swift */ = {isa = PBXFileReference; fileEncoding = 4; lastKnownFileType = sourcecode.swift; path = ColorExtensions.swift; sourceTree = "<group>"; };
		013DDEBF248254A60095E201 /* ColorExtensionsTests.swift */ = {isa = PBXFileReference; lastKnownFileType = sourcecode.swift; path = ColorExtensionsTests.swift; sourceTree = "<group>"; };
		013DDEC2248264FF0095E201 /* NSImage+Maple.swift */ = {isa = PBXFileReference; fileEncoding = 4; lastKnownFileType = sourcecode.swift; path = "NSImage+Maple.swift"; sourceTree = "<group>"; };
		013DDEC42482653B0095E201 /* NSImageMPTests.swift */ = {isa = PBXFileReference; lastKnownFileType = sourcecode.swift; path = NSImageMPTests.swift; sourceTree = "<group>"; };
		0174DF0F2480EC1800258824 /* Maple.h */ = {isa = PBXFileReference; lastKnownFileType = sourcecode.c.h; path = Maple.h; sourceTree = "<group>"; };
		0174DF102480EC1800258824 /* Info.plist */ = {isa = PBXFileReference; lastKnownFileType = text.plist.xml; path = Info.plist; sourceTree = "<group>"; };
		0174DF1C2480EC7D00258824 /* Maple.framework */ = {isa = PBXFileReference; explicitFileType = wrapper.framework; includeInIndex = 0; path = Maple.framework; sourceTree = BUILT_PRODUCTS_DIR; };
		0174DF382480ECAD00258824 /* Maple.framework */ = {isa = PBXFileReference; explicitFileType = wrapper.framework; includeInIndex = 0; path = Maple.framework; sourceTree = BUILT_PRODUCTS_DIR; };
		0174DF502480EDC800258824 /* Maple.swift */ = {isa = PBXFileReference; fileEncoding = 4; lastKnownFileType = sourcecode.swift; path = Maple.swift; sourceTree = "<group>"; };
		0174DF542480EF1300258824 /* Bundle+Maple.swift */ = {isa = PBXFileReference; fileEncoding = 4; lastKnownFileType = sourcecode.swift; path = "Bundle+Maple.swift"; sourceTree = "<group>"; };
		0174DF5F2480EF5F00258824 /* Info.plist */ = {isa = PBXFileReference; lastKnownFileType = text.plist.xml; path = Info.plist; sourceTree = "<group>"; };
		0174DF7B2480F5A100258824 /* UIView+Maple.swift */ = {isa = PBXFileReference; fileEncoding = 4; lastKnownFileType = sourcecode.swift; path = "UIView+Maple.swift"; sourceTree = "<group>"; };
		0174DF7E2480F61600258824 /* UIViewMPTests.swift */ = {isa = PBXFileReference; lastKnownFileType = sourcecode.swift; path = UIViewMPTests.swift; sourceTree = "<group>"; };
		0174DFC22480FCC700258824 /* Maple-iOSTests.xctest */ = {isa = PBXFileReference; explicitFileType = wrapper.cfbundle; includeInIndex = 0; path = "Maple-iOSTests.xctest"; sourceTree = BUILT_PRODUCTS_DIR; };
		0174DFCE2480FDA900258824 /* UITextField+Maple.swift */ = {isa = PBXFileReference; fileEncoding = 4; lastKnownFileType = sourcecode.swift; path = "UITextField+Maple.swift"; sourceTree = "<group>"; };
		0174DFD02481034F00258824 /* UITextFieldMPTests.swift */ = {isa = PBXFileReference; lastKnownFileType = sourcecode.swift; path = UITextFieldMPTests.swift; sourceTree = "<group>"; };
		01AD2D1129A5BBB1005C99C3 /* OptionalExtensions.swift */ = {isa = PBXFileReference; lastKnownFileType = sourcecode.swift; path = OptionalExtensions.swift; sourceTree = "<group>"; };
		01AD2D1929A5BCBF005C99C3 /* OptionalExtensionsTests.swift */ = {isa = PBXFileReference; lastKnownFileType = sourcecode.swift; path = OptionalExtensionsTests.swift; sourceTree = "<group>"; };
		01AD2D1E29A5BD67005C99C3 /* ArrayExtensions.swift */ = {isa = PBXFileReference; lastKnownFileType = sourcecode.swift; path = ArrayExtensions.swift; sourceTree = "<group>"; };
		01AD2D2129A5BDBC005C99C3 /* ArrayExtensionsTests.swift */ = {isa = PBXFileReference; lastKnownFileType = sourcecode.swift; path = ArrayExtensionsTests.swift; sourceTree = "<group>"; };
		01AD2D2629A5C010005C99C3 /* DictionaryExtensions.swift */ = {isa = PBXFileReference; lastKnownFileType = sourcecode.swift; path = DictionaryExtensions.swift; sourceTree = "<group>"; };
		01AD2D2929A5C0D8005C99C3 /* DictionaryExtensionsTests.swift */ = {isa = PBXFileReference; lastKnownFileType = sourcecode.swift; path = DictionaryExtensionsTests.swift; sourceTree = "<group>"; };
		01C91CF3290A22C300A53401 /* TestImage.png */ = {isa = PBXFileReference; lastKnownFileType = image.png; path = TestImage.png; sourceTree = "<group>"; };
		01C91CF4290A22C300A53401 /* UICollectionViewCell.xib */ = {isa = PBXFileReference; fileEncoding = 4; lastKnownFileType = file.xib; path = UICollectionViewCell.xib; sourceTree = "<group>"; };
		01C91CF5290A22C300A53401 /* UITableViewCell.xib */ = {isa = PBXFileReference; fileEncoding = 4; lastKnownFileType = file.xib; path = UITableViewCell.xib; sourceTree = "<group>"; };
		01C91CF6290A22C300A53401 /* UITableViewHeaderFooterView.xib */ = {isa = PBXFileReference; fileEncoding = 4; lastKnownFileType = file.xib; path = UITableViewHeaderFooterView.xib; sourceTree = "<group>"; };
		01CC65B6280AB2F1005FC548 /* Fastfile */ = {isa = PBXFileReference; lastKnownFileType = text; name = Fastfile; path = fastlane/Fastfile; sourceTree = "<group>"; };
		01CC65B7280AB312005FC548 /* README.md */ = {isa = PBXFileReference; lastKnownFileType = net.daringfireball.markdown; path = README.md; sourceTree = "<group>"; };
		01CEC2E82481F54200CF21B9 /* NSView+Maple.swift */ = {isa = PBXFileReference; fileEncoding = 4; lastKnownFileType = sourcecode.swift; path = "NSView+Maple.swift"; sourceTree = "<group>"; };
		01CEC2EE2481F58200CF21B9 /* Maple-macOSTests.xctest */ = {isa = PBXFileReference; explicitFileType = wrapper.cfbundle; includeInIndex = 0; path = "Maple-macOSTests.xctest"; sourceTree = BUILT_PRODUCTS_DIR; };
		01CEC2F92481F62100CF21B9 /* NSViewMPTests.swift */ = {isa = PBXFileReference; lastKnownFileType = sourcecode.swift; path = NSViewMPTests.swift; sourceTree = "<group>"; };
		01CEC2FB2481FF0D00CF21B9 /* UITableView+Maple.swift */ = {isa = PBXFileReference; fileEncoding = 4; lastKnownFileType = sourcecode.swift; path = "UITableView+Maple.swift"; sourceTree = "<group>"; };
		01CEC2FD2481FFCE00CF21B9 /* UITableViewMPTests.swift */ = {isa = PBXFileReference; lastKnownFileType = sourcecode.swift; path = UITableViewMPTests.swift; sourceTree = "<group>"; };
		01DCC287283398A800EABDE3 /* Package.swift */ = {isa = PBXFileReference; lastKnownFileType = sourcecode.swift; path = Package.swift; sourceTree = "<group>"; xcLanguageSpecificationIdentifier = xcode.lang.swift; };
		01DD61E029C942F500792AE6 /* URL+Maple.swift */ = {isa = PBXFileReference; lastKnownFileType = sourcecode.swift; path = "URL+Maple.swift"; sourceTree = "<group>"; };
		01DD61E329C946BC00792AE6 /* URLMPTests.swift */ = {isa = PBXFileReference; lastKnownFileType = sourcecode.swift; path = URLMPTests.swift; sourceTree = "<group>"; };
		01DD61ED29C948AE00792AE6 /* DispatchQueue+Maple.swift */ = {isa = PBXFileReference; fileEncoding = 4; lastKnownFileType = sourcecode.swift; path = "DispatchQueue+Maple.swift"; sourceTree = "<group>"; };
		01DD61F129C94E5200792AE6 /* DispatchMPTests.swift */ = {isa = PBXFileReference; lastKnownFileType = sourcecode.swift; path = DispatchMPTests.swift; sourceTree = "<group>"; };
		01E5F5AB2BC241480005D730 /* DirectionalEdgeInsetsExtensions.swift */ = {isa = PBXFileReference; lastKnownFileType = sourcecode.swift; path = DirectionalEdgeInsetsExtensions.swift; sourceTree = "<group>"; };
		01E5F5AE2BC246870005D730 /* DirectionalEdgeInsetsExtensionsTests.swift */ = {isa = PBXFileReference; lastKnownFileType = sourcecode.swift; path = DirectionalEdgeInsetsExtensionsTests.swift; sourceTree = "<group>"; };
		01E5F5B12BC24C3C0005D730 /* CaseIterableExtensions.swift */ = {isa = PBXFileReference; lastKnownFileType = sourcecode.swift; path = CaseIterableExtensions.swift; sourceTree = "<group>"; };
		01E5F5B42BC24DD00005D730 /* CaseIterableExtensionsTests.swift */ = {isa = PBXFileReference; lastKnownFileType = sourcecode.swift; path = CaseIterableExtensionsTests.swift; sourceTree = "<group>"; };
		01FA2FA3263A8D2F002B932D /* Data+Maple.swift */ = {isa = PBXFileReference; lastKnownFileType = sourcecode.swift; path = "Data+Maple.swift"; sourceTree = "<group>"; };
		01FA2FA6263A9003002B932D /* DataMPTests.swift */ = {isa = PBXFileReference; lastKnownFileType = sourcecode.swift; path = DataMPTests.swift; sourceTree = "<group>"; };
		01FA2FA9263A9605002B932D /* UIScrollView+Maple.swift */ = {isa = PBXFileReference; lastKnownFileType = sourcecode.swift; path = "UIScrollView+Maple.swift"; sourceTree = "<group>"; };
		01FA2FAC263A985C002B932D /* UIScrollViewMPTests.swift */ = {isa = PBXFileReference; lastKnownFileType = sourcecode.swift; path = UIScrollViewMPTests.swift; sourceTree = "<group>"; };
		01FA2FAE263A999B002B932D /* UISwitch+Maple.swift */ = {isa = PBXFileReference; lastKnownFileType = sourcecode.swift; path = "UISwitch+Maple.swift"; sourceTree = "<group>"; };
		01FA2FB0263A9A9A002B932D /* UISwitchMPTests.swift */ = {isa = PBXFileReference; lastKnownFileType = sourcecode.swift; path = UISwitchMPTests.swift; sourceTree = "<group>"; };
/* End PBXFileReference section */

/* Begin PBXFrameworksBuildPhase section */
		0174DF192480EC7D00258824 /* Frameworks */ = {
			isa = PBXFrameworksBuildPhase;
			buildActionMask = 2147483647;
			files = (
			);
			runOnlyForDeploymentPostprocessing = 0;
		};
		0174DF352480ECAD00258824 /* Frameworks */ = {
			isa = PBXFrameworksBuildPhase;
			buildActionMask = 2147483647;
			files = (
			);
			runOnlyForDeploymentPostprocessing = 0;
		};
		0174DFBF2480FCC700258824 /* Frameworks */ = {
			isa = PBXFrameworksBuildPhase;
			buildActionMask = 2147483647;
			files = (
				0174DFC72480FCC800258824 /* Maple.framework in Frameworks */,
			);
			runOnlyForDeploymentPostprocessing = 0;
		};
		01CEC2EB2481F58200CF21B9 /* Frameworks */ = {
			isa = PBXFrameworksBuildPhase;
			buildActionMask = 2147483647;
			files = (
				01CEC2F32481F58200CF21B9 /* Maple.framework in Frameworks */,
			);
			runOnlyForDeploymentPostprocessing = 0;
		};
/* End PBXFrameworksBuildPhase section */

/* Begin PBXGroup section */
		013DDE9D248206DD0095E201 /* Foundation */ = {
			isa = PBXGroup;
			children = (
				0174DF542480EF1300258824 /* Bundle+Maple.swift */,
				013DDEA4248240160095E201 /* String+Maple.swift */,
				013DDE9E248206F40095E201 /* Date+Maple.swift */,
				01FA2FA3263A8D2F002B932D /* Data+Maple.swift */,
				01DD61E029C942F500792AE6 /* URL+Maple.swift */,
			);
			path = Foundation;
			sourceTree = "<group>";
		};
		013DDEAA248247EA0095E201 /* Protocol */ = {
			isa = PBXGroup;
			children = (
				013DDEAB248248050095E201 /* NibLoadable.swift */,
			);
			path = Protocol;
			sourceTree = "<group>";
		};
		013DDEB524824A4B0095E201 /* Shared */ = {
			isa = PBXGroup;
			children = (
				013DDEB624824A600095E201 /* EdgeInsetsExtensions.swift */,
				013DDEBC248250240095E201 /* ColorExtensions.swift */,
				01E5F5AB2BC241480005D730 /* DirectionalEdgeInsetsExtensions.swift */,
			);
			path = Shared;
			sourceTree = "<group>";
		};
		013DDEC924826AC80095E201 /* Maple */ = {
			isa = PBXGroup;
			children = (
				01DD61EC29C948AE00792AE6 /* Dispatch */,
				013DDECA248270BB0095E201 /* General */,
				013DDEB524824A4B0095E201 /* Shared */,
				013DDEAA248247EA0095E201 /* Protocol */,
				013DDE9D248206DD0095E201 /* Foundation */,
				01CEC2E72481F53100CF21B9 /* AppKit */,
				0174DF7D2480F5A800258824 /* UIKit */,
				01AD2D1029A5BB85005C99C3 /* SwiftStdlib */,
			);
			path = Maple;
			sourceTree = "<group>";
		};
		013DDECA248270BB0095E201 /* General */ = {
			isa = PBXGroup;
			children = (
				0174DF502480EDC800258824 /* Maple.swift */,
			);
			path = General;
			sourceTree = "<group>";
		};
		0174DF022480EC1800258824 = {
			isa = PBXGroup;
			children = (
				01CC65B4280AB131005FC548 /* Deployment */,
				0174DF4F2480ED9500258824 /* Sources */,
				0174DF5C2480EF5F00258824 /* Tests */,
				0174DF0D2480EC1800258824 /* Products */,
			);
			sourceTree = "<group>";
		};
		0174DF0D2480EC1800258824 /* Products */ = {
			isa = PBXGroup;
			children = (
				0174DF1C2480EC7D00258824 /* Maple.framework */,
				0174DF382480ECAD00258824 /* Maple.framework */,
				0174DFC22480FCC700258824 /* Maple-iOSTests.xctest */,
				01CEC2EE2481F58200CF21B9 /* Maple-macOSTests.xctest */,
			);
			name = Products;
			sourceTree = "<group>";
		};
		0174DF4F2480ED9500258824 /* Sources */ = {
			isa = PBXGroup;
			children = (
				0174DF102480EC1800258824 /* Info.plist */,
				0174DF0F2480EC1800258824 /* Maple.h */,
				013DDEC924826AC80095E201 /* Maple */,
			);
			path = Sources;
			sourceTree = "<group>";
		};
		0174DF5C2480EF5F00258824 /* Tests */ = {
			isa = PBXGroup;
			children = (
				0174DF5F2480EF5F00258824 /* Info.plist */,
				01AD2D1429A5BC14005C99C3 /* UIKitTests */,
				01DD61F029C94E3900792AE6 /* DispatchTests */,
				01AD2D1529A5BC47005C99C3 /* AppKitTests */,
				01AD2D1629A5BC6B005C99C3 /* FoundationTests */,
				01AD2D1729A5BC83005C99C3 /* SharedTests */,
				01AD2D1829A5BC93005C99C3 /* SwiftStdlib */,
				01C91CF2290A22C300A53401 /* Resources */,
			);
			path = Tests;
			sourceTree = "<group>";
		};
		0174DF7D2480F5A800258824 /* UIKit */ = {
			isa = PBXGroup;
			children = (
				01CEC2FB2481FF0D00CF21B9 /* UITableView+Maple.swift */,
				0174DFCE2480FDA900258824 /* UITextField+Maple.swift */,
				0174DF7B2480F5A100258824 /* UIView+Maple.swift */,
				011A0050248740F900D18027 /* UICollectionView+Maple.swift */,
				012C4BE125622D6D00A1A5AE /* UIImage+Maple.swift */,
				012C4BF72562620100A1A5AE /* UIAlertAction+Maple.swift */,
				012C4C032562671200A1A5AE /* UIImageView+Maple.swift */,
				01FA2FA9263A9605002B932D /* UIScrollView+Maple.swift */,
				01FA2FAE263A999B002B932D /* UISwitch+Maple.swift */,
				0136CD932B490514009C1CB7 /* UIStackView+Maple.swift */,
			);
			path = UIKit;
			sourceTree = "<group>";
		};
		01AD2D1029A5BB85005C99C3 /* SwiftStdlib */ = {
			isa = PBXGroup;
			children = (
				01AD2D1129A5BBB1005C99C3 /* OptionalExtensions.swift */,
				01AD2D1E29A5BD67005C99C3 /* ArrayExtensions.swift */,
				01AD2D2629A5C010005C99C3 /* DictionaryExtensions.swift */,
				01E5F5B12BC24C3C0005D730 /* CaseIterableExtensions.swift */,
			);
			path = SwiftStdlib;
			sourceTree = "<group>";
		};
		01AD2D1429A5BC14005C99C3 /* UIKitTests */ = {
			isa = PBXGroup;
			children = (
				0174DF7E2480F61600258824 /* UIViewMPTests.swift */,
				0174DFD02481034F00258824 /* UITextFieldMPTests.swift */,
				01CEC2FD2481FFCE00CF21B9 /* UITableViewMPTests.swift */,
				011A00522487482100D18027 /* UICollectionViewMPTests.swift */,
				012C4BD625622AD700A1A5AE /* UIImageMPTests.swift */,
				012C4BFD256262C400A1A5AE /* UIAlertActionMPTests.swift */,
				012C4C092562689900A1A5AE /* UIImageViewMPTests.swift */,
				01FA2FAC263A985C002B932D /* UIScrollViewMPTests.swift */,
				01FA2FB0263A9A9A002B932D /* UISwitchMPTests.swift */,
				0136CD952B49061F009C1CB7 /* UIStackViewMPTests.swift */,
			);
			path = UIKitTests;
			sourceTree = "<group>";
		};
		01AD2D1529A5BC47005C99C3 /* AppKitTests */ = {
			isa = PBXGroup;
			children = (
				01CEC2F92481F62100CF21B9 /* NSViewMPTests.swift */,
				013DDEC42482653B0095E201 /* NSImageMPTests.swift */,
			);
			path = AppKitTests;
			sourceTree = "<group>";
		};
		01AD2D1629A5BC6B005C99C3 /* FoundationTests */ = {
			isa = PBXGroup;
			children = (
				011A004D24873C6400D18027 /* BundleMPTests.swift */,
				013DDEA12482075F0095E201 /* DateMPTests.swift */,
				013DDEA7248240DC0095E201 /* StringMPTests.swift */,
				01FA2FA6263A9003002B932D /* DataMPTests.swift */,
				01DD61E329C946BC00792AE6 /* URLMPTests.swift */,
			);
			path = FoundationTests;
			sourceTree = "<group>";
		};
		01AD2D1729A5BC83005C99C3 /* SharedTests */ = {
			isa = PBXGroup;
			children = (
				013DDEB924824E240095E201 /* EdgeInsetsExtensionsTests.swift */,
				013DDEBF248254A60095E201 /* ColorExtensionsTests.swift */,
				01E5F5AE2BC246870005D730 /* DirectionalEdgeInsetsExtensionsTests.swift */,
				01E5F5B42BC24DD00005D730 /* CaseIterableExtensionsTests.swift */,
			);
			path = SharedTests;
			sourceTree = "<group>";
		};
		01AD2D1829A5BC93005C99C3 /* SwiftStdlib */ = {
			isa = PBXGroup;
			children = (
				01AD2D1929A5BCBF005C99C3 /* OptionalExtensionsTests.swift */,
				01AD2D2129A5BDBC005C99C3 /* ArrayExtensionsTests.swift */,
				01AD2D2929A5C0D8005C99C3 /* DictionaryExtensionsTests.swift */,
			);
			path = SwiftStdlib;
			sourceTree = "<group>";
		};
		01C91CF2290A22C300A53401 /* Resources */ = {
			isa = PBXGroup;
			children = (
				01C91CF3290A22C300A53401 /* TestImage.png */,
				01C91CF4290A22C300A53401 /* UICollectionViewCell.xib */,
				01C91CF5290A22C300A53401 /* UITableViewCell.xib */,
				01C91CF6290A22C300A53401 /* UITableViewHeaderFooterView.xib */,
			);
			path = Resources;
			sourceTree = "<group>";
		};
		01CC65B4280AB131005FC548 /* Deployment */ = {
			isa = PBXGroup;
			children = (
				01DCC287283398A800EABDE3 /* Package.swift */,
				0107D37727BA092400D52DCB /* Maple.podspec */,
				01CC65B6280AB2F1005FC548 /* Fastfile */,
				01CC65B7280AB312005FC548 /* README.md */,
			);
			name = Deployment;
			sourceTree = "<group>";
		};
		01CEC2E72481F53100CF21B9 /* AppKit */ = {
			isa = PBXGroup;
			children = (
				013DDEC2248264FF0095E201 /* NSImage+Maple.swift */,
				01CEC2E82481F54200CF21B9 /* NSView+Maple.swift */,
			);
			path = AppKit;
			sourceTree = "<group>";
		};
		01DD61EC29C948AE00792AE6 /* Dispatch */ = {
			isa = PBXGroup;
			children = (
				01DD61ED29C948AE00792AE6 /* DispatchQueue+Maple.swift */,
			);
			path = Dispatch;
			sourceTree = "<group>";
		};
		01DD61F029C94E3900792AE6 /* DispatchTests */ = {
			isa = PBXGroup;
			children = (
				01DD61F129C94E5200792AE6 /* DispatchMPTests.swift */,
			);
			path = DispatchTests;
			sourceTree = "<group>";
		};
/* End PBXGroup section */

/* Begin PBXHeadersBuildPhase section */
		0174DF172480EC7D00258824 /* Headers */ = {
			isa = PBXHeadersBuildPhase;
			buildActionMask = 2147483647;
			files = (
			);
			runOnlyForDeploymentPostprocessing = 0;
		};
		0174DF332480ECAD00258824 /* Headers */ = {
			isa = PBXHeadersBuildPhase;
			buildActionMask = 2147483647;
			files = (
			);
			runOnlyForDeploymentPostprocessing = 0;
		};
/* End PBXHeadersBuildPhase section */

/* Begin PBXNativeTarget section */
		0174DF1B2480EC7D00258824 /* Maple-iOS */ = {
			isa = PBXNativeTarget;
			buildConfigurationList = 0174DF2D2480EC7D00258824 /* Build configuration list for PBXNativeTarget "Maple-iOS" */;
			buildPhases = (
				0174DF172480EC7D00258824 /* Headers */,
				0174DF182480EC7D00258824 /* Sources */,
				0174DF192480EC7D00258824 /* Frameworks */,
				0174DF1A2480EC7D00258824 /* Resources */,
			);
			buildRules = (
			);
			dependencies = (
			);
			name = "Maple-iOS";
			productName = "Maple-iOS";
			productReference = 0174DF1C2480EC7D00258824 /* Maple.framework */;
			productType = "com.apple.product-type.framework";
		};
		0174DF372480ECAD00258824 /* Maple-macOS */ = {
			isa = PBXNativeTarget;
			buildConfigurationList = 0174DF492480ECAD00258824 /* Build configuration list for PBXNativeTarget "Maple-macOS" */;
			buildPhases = (
				0174DF332480ECAD00258824 /* Headers */,
				0174DF342480ECAD00258824 /* Sources */,
				0174DF352480ECAD00258824 /* Frameworks */,
				0174DF362480ECAD00258824 /* Resources */,
			);
			buildRules = (
			);
			dependencies = (
			);
			name = "Maple-macOS";
			productName = "Maple-macOS";
			productReference = 0174DF382480ECAD00258824 /* Maple.framework */;
			productType = "com.apple.product-type.framework";
		};
		0174DFC12480FCC700258824 /* Maple-iOSTests */ = {
			isa = PBXNativeTarget;
			buildConfigurationList = 0174DFCA2480FCC800258824 /* Build configuration list for PBXNativeTarget "Maple-iOSTests" */;
			buildPhases = (
				0174DFBE2480FCC700258824 /* Sources */,
				0174DFBF2480FCC700258824 /* Frameworks */,
				0174DFC02480FCC700258824 /* Resources */,
			);
			buildRules = (
			);
			dependencies = (
				0174DFC92480FCC800258824 /* PBXTargetDependency */,
			);
			name = "Maple-iOSTests";
			productName = "Maple-iOSTests";
			productReference = 0174DFC22480FCC700258824 /* Maple-iOSTests.xctest */;
			productType = "com.apple.product-type.bundle.unit-test";
		};
		01CEC2ED2481F58200CF21B9 /* Maple-macOSTests */ = {
			isa = PBXNativeTarget;
			buildConfigurationList = 01CEC2F62481F58200CF21B9 /* Build configuration list for PBXNativeTarget "Maple-macOSTests" */;
			buildPhases = (
				01CEC2EA2481F58200CF21B9 /* Sources */,
				01CEC2EB2481F58200CF21B9 /* Frameworks */,
				01CEC2EC2481F58200CF21B9 /* Resources */,
			);
			buildRules = (
			);
			dependencies = (
				01CEC2F52481F58200CF21B9 /* PBXTargetDependency */,
			);
			name = "Maple-macOSTests";
			productName = "Maple-macOSTests";
			productReference = 01CEC2EE2481F58200CF21B9 /* Maple-macOSTests.xctest */;
			productType = "com.apple.product-type.bundle.unit-test";
		};
/* End PBXNativeTarget section */

/* Begin PBXProject section */
		0174DF032480EC1800258824 /* Project object */ = {
			isa = PBXProject;
			attributes = {
				LastSwiftUpdateCheck = 1150;
				LastUpgradeCheck = 1210;
				ORGANIZATIONNAME = cy;
				TargetAttributes = {
					0174DF1B2480EC7D00258824 = {
						CreatedOnToolsVersion = 11.5;
						LastSwiftMigration = 1150;
					};
					0174DF372480ECAD00258824 = {
						CreatedOnToolsVersion = 11.5;
						LastSwiftMigration = 1150;
					};
					0174DFC12480FCC700258824 = {
						CreatedOnToolsVersion = 11.5;
					};
					01CEC2ED2481F58200CF21B9 = {
						CreatedOnToolsVersion = 11.5;
						LastSwiftMigration = 1150;
					};
				};
			};
			buildConfigurationList = 0174DF062480EC1800258824 /* Build configuration list for PBXProject "Maple" */;
			compatibilityVersion = "Xcode 9.3";
			developmentRegion = en;
			hasScannedForEncodings = 0;
			knownRegions = (
				en,
				Base,
			);
			mainGroup = 0174DF022480EC1800258824;
			productRefGroup = 0174DF0D2480EC1800258824 /* Products */;
			projectDirPath = "";
			projectRoot = "";
			targets = (
				0174DF1B2480EC7D00258824 /* Maple-iOS */,
				0174DF372480ECAD00258824 /* Maple-macOS */,
				0174DFC12480FCC700258824 /* Maple-iOSTests */,
				01CEC2ED2481F58200CF21B9 /* Maple-macOSTests */,
			);
		};
/* End PBXProject section */

/* Begin PBXResourcesBuildPhase section */
		0174DF1A2480EC7D00258824 /* Resources */ = {
			isa = PBXResourcesBuildPhase;
			buildActionMask = 2147483647;
			files = (
			);
			runOnlyForDeploymentPostprocessing = 0;
		};
		0174DF362480ECAD00258824 /* Resources */ = {
			isa = PBXResourcesBuildPhase;
			buildActionMask = 2147483647;
			files = (
			);
			runOnlyForDeploymentPostprocessing = 0;
		};
		0174DFC02480FCC700258824 /* Resources */ = {
			isa = PBXResourcesBuildPhase;
			buildActionMask = 2147483647;
			files = (
				01C91CFA290A22C300A53401 /* UITableViewHeaderFooterView.xib in Resources */,
				01C91CF9290A22C300A53401 /* UITableViewCell.xib in Resources */,
				01C91CF8290A22C300A53401 /* UICollectionViewCell.xib in Resources */,
				01C91CF7290A22C300A53401 /* TestImage.png in Resources */,
			);
			runOnlyForDeploymentPostprocessing = 0;
		};
		01CEC2EC2481F58200CF21B9 /* Resources */ = {
			isa = PBXResourcesBuildPhase;
			buildActionMask = 2147483647;
			files = (
				01AD2D2C29A619FD005C99C3 /* TestImage.png in Resources */,
			);
			runOnlyForDeploymentPostprocessing = 0;
		};
/* End PBXResourcesBuildPhase section */

/* Begin PBXSourcesBuildPhase section */
		0174DF182480EC7D00258824 /* Sources */ = {
			isa = PBXSourcesBuildPhase;
			buildActionMask = 2147483647;
			files = (
				012C4BE225622D6D00A1A5AE /* UIImage+Maple.swift in Sources */,
				01FA2FA4263A8D2F002B932D /* Data+Maple.swift in Sources */,
				0136CD942B490514009C1CB7 /* UIStackView+Maple.swift in Sources */,
				01AD2D1F29A5BD67005C99C3 /* ArrayExtensions.swift in Sources */,
				0174DF512480EDC800258824 /* Maple.swift in Sources */,
				012C4BF82562620100A1A5AE /* UIAlertAction+Maple.swift in Sources */,
				013DDEBD248250240095E201 /* ColorExtensions.swift in Sources */,
				01FA2FAA263A9605002B932D /* UIScrollView+Maple.swift in Sources */,
				011A0051248740F900D18027 /* UICollectionView+Maple.swift in Sources */,
				01AD2D1229A5BBB1005C99C3 /* OptionalExtensions.swift in Sources */,
				01E5F5B22BC24C3C0005D730 /* CaseIterableExtensions.swift in Sources */,
				01DD61E129C942F500792AE6 /* URL+Maple.swift in Sources */,
				013DDEAC248248050095E201 /* NibLoadable.swift in Sources */,
				0174DF7C2480F5A100258824 /* UIView+Maple.swift in Sources */,
				01E5F5AC2BC241480005D730 /* DirectionalEdgeInsetsExtensions.swift in Sources */,
				0174DF552480EF1300258824 /* Bundle+Maple.swift in Sources */,
				0174DFCF2480FDA900258824 /* UITextField+Maple.swift in Sources */,
				013DDEB724824A600095E201 /* EdgeInsetsExtensions.swift in Sources */,
				012C4C042562671200A1A5AE /* UIImageView+Maple.swift in Sources */,
				01DD61EE29C948AE00792AE6 /* DispatchQueue+Maple.swift in Sources */,
				01AD2D2729A5C010005C99C3 /* DictionaryExtensions.swift in Sources */,
				01FA2FAF263A999B002B932D /* UISwitch+Maple.swift in Sources */,
				01CEC2FC2481FF0D00CF21B9 /* UITableView+Maple.swift in Sources */,
				013DDEA5248240160095E201 /* String+Maple.swift in Sources */,
				013DDE9F248206F40095E201 /* Date+Maple.swift in Sources */,
			);
			runOnlyForDeploymentPostprocessing = 0;
		};
		0174DF342480ECAD00258824 /* Sources */ = {
			isa = PBXSourcesBuildPhase;
			buildActionMask = 2147483647;
			files = (
				0174DF522480EDC800258824 /* Maple.swift in Sources */,
				01E5F5B32BC24C3C0005D730 /* CaseIterableExtensions.swift in Sources */,
				01FA2FA5263A8D2F002B932D /* Data+Maple.swift in Sources */,
				01AD2D2829A5C010005C99C3 /* DictionaryExtensions.swift in Sources */,
				013DDEC3248264FF0095E201 /* NSImage+Maple.swift in Sources */,
				01E5F5AD2BC241480005D730 /* DirectionalEdgeInsetsExtensions.swift in Sources */,
				01AD2D1329A5BBB1005C99C3 /* OptionalExtensions.swift in Sources */,
				0174DF562480EF1300258824 /* Bundle+Maple.swift in Sources */,
				01CEC2E92481F54200CF21B9 /* NSView+Maple.swift in Sources */,
				013DDEB824824A600095E201 /* EdgeInsetsExtensions.swift in Sources */,
				01AD2D2029A5BD67005C99C3 /* ArrayExtensions.swift in Sources */,
				01DD61EF29C948AE00792AE6 /* DispatchQueue+Maple.swift in Sources */,
				01DD61E229C942F500792AE6 /* URL+Maple.swift in Sources */,
				013DDEAD248248050095E201 /* NibLoadable.swift in Sources */,
				013DDEA6248240160095E201 /* String+Maple.swift in Sources */,
				013DDEA0248206F40095E201 /* Date+Maple.swift in Sources */,
				013DDEBE248250240095E201 /* ColorExtensions.swift in Sources */,
			);
			runOnlyForDeploymentPostprocessing = 0;
		};
		0174DFBE2480FCC700258824 /* Sources */ = {
			isa = PBXSourcesBuildPhase;
			buildActionMask = 2147483647;
			files = (
				01DD61F229C94E5200792AE6 /* DispatchMPTests.swift in Sources */,
				0136CD972B490660009C1CB7 /* UIStackViewMPTests.swift in Sources */,
				011A004E24873C6400D18027 /* BundleMPTests.swift in Sources */,
				01AD2D1C29A5BCC8005C99C3 /* OptionalExtensionsTests.swift in Sources */,
				012C4BFE256262C400A1A5AE /* UIAlertActionMPTests.swift in Sources */,
				013DDEBA24824E240095E201 /* EdgeInsetsExtensionsTests.swift in Sources */,
				0174DFD12481034F00258824 /* UITextFieldMPTests.swift in Sources */,
				01E5F5B52BC24DD00005D730 /* CaseIterableExtensionsTests.swift in Sources */,
				01AD2D2A29A5C0D8005C99C3 /* DictionaryExtensionsTests.swift in Sources */,
				013DDEA8248240DC0095E201 /* StringMPTests.swift in Sources */,
				01E5F5AF2BC246870005D730 /* DirectionalEdgeInsetsExtensionsTests.swift in Sources */,
				011A00532487482100D18027 /* UICollectionViewMPTests.swift in Sources */,
				01FA2FA7263A9003002B932D /* DataMPTests.swift in Sources */,
				0174DFCD2480FD6C00258824 /* UIViewMPTests.swift in Sources */,
				01AD2D2429A5BDD8005C99C3 /* ArrayExtensionsTests.swift in Sources */,
				012C4C0A2562689900A1A5AE /* UIImageViewMPTests.swift in Sources */,
				013DDEA22482075F0095E201 /* DateMPTests.swift in Sources */,
				01CEC2FE2481FFCE00CF21B9 /* UITableViewMPTests.swift in Sources */,
				013DDEC0248254A60095E201 /* ColorExtensionsTests.swift in Sources */,
				01FA2FAD263A985C002B932D /* UIScrollViewMPTests.swift in Sources */,
				01DD61E629C946E000792AE6 /* URLMPTests.swift in Sources */,
				01FA2FB1263A9A9A002B932D /* UISwitchMPTests.swift in Sources */,
				012C4BD725622AD700A1A5AE /* UIImageMPTests.swift in Sources */,
			);
			runOnlyForDeploymentPostprocessing = 0;
		};
		01CEC2EA2481F58200CF21B9 /* Sources */ = {
			isa = PBXSourcesBuildPhase;
			buildActionMask = 2147483647;
			files = (
				013DDEC1248254A60095E201 /* ColorExtensionsTests.swift in Sources */,
				01AD2D2529A5BDD8005C99C3 /* ArrayExtensionsTests.swift in Sources */,
				01DD61F329C94E5200792AE6 /* DispatchMPTests.swift in Sources */,
				013DDEBB24824E240095E201 /* EdgeInsetsExtensionsTests.swift in Sources */,
				013DDEA32482075F0095E201 /* DateMPTests.swift in Sources */,
				01AD2D2B29A5C0D8005C99C3 /* DictionaryExtensionsTests.swift in Sources */,
				01E5F5B62BC24DD00005D730 /* CaseIterableExtensionsTests.swift in Sources */,
				013DDEA9248240DC0095E201 /* StringMPTests.swift in Sources */,
				01CEC2FA2481F62100CF21B9 /* NSViewMPTests.swift in Sources */,
				013DDEC52482653B0095E201 /* NSImageMPTests.swift in Sources */,
				01E5F5B02BC246870005D730 /* DirectionalEdgeInsetsExtensionsTests.swift in Sources */,
				01FA2FA8263A9003002B932D /* DataMPTests.swift in Sources */,
				01AD2D1D29A5BCC9005C99C3 /* OptionalExtensionsTests.swift in Sources */,
				01DD61E729C946E000792AE6 /* URLMPTests.swift in Sources */,
				011A004F24873C6400D18027 /* BundleMPTests.swift in Sources */,
			);
			runOnlyForDeploymentPostprocessing = 0;
		};
/* End PBXSourcesBuildPhase section */

/* Begin PBXTargetDependency section */
		0174DFC92480FCC800258824 /* PBXTargetDependency */ = {
			isa = PBXTargetDependency;
			target = 0174DF1B2480EC7D00258824 /* Maple-iOS */;
			targetProxy = 0174DFC82480FCC800258824 /* PBXContainerItemProxy */;
		};
		01CEC2F52481F58200CF21B9 /* PBXTargetDependency */ = {
			isa = PBXTargetDependency;
			target = 0174DF372480ECAD00258824 /* Maple-macOS */;
			targetProxy = 01CEC2F42481F58200CF21B9 /* PBXContainerItemProxy */;
		};
/* End PBXTargetDependency section */

/* Begin XCBuildConfiguration section */
		0174DF122480EC1800258824 /* Debug */ = {
			isa = XCBuildConfiguration;
			buildSettings = {
				ALWAYS_SEARCH_USER_PATHS = NO;
				CLANG_ANALYZER_NONNULL = YES;
				CLANG_ANALYZER_NUMBER_OBJECT_CONVERSION = YES_AGGRESSIVE;
				CLANG_CXX_LANGUAGE_STANDARD = "gnu++14";
				CLANG_CXX_LIBRARY = "libc++";
				CLANG_ENABLE_MODULES = YES;
				CLANG_ENABLE_OBJC_ARC = YES;
				CLANG_ENABLE_OBJC_WEAK = YES;
				CLANG_WARN_BLOCK_CAPTURE_AUTORELEASING = YES;
				CLANG_WARN_BOOL_CONVERSION = YES;
				CLANG_WARN_COMMA = YES;
				CLANG_WARN_CONSTANT_CONVERSION = YES;
				CLANG_WARN_DEPRECATED_OBJC_IMPLEMENTATIONS = YES;
				CLANG_WARN_DIRECT_OBJC_ISA_USAGE = YES_ERROR;
				CLANG_WARN_DOCUMENTATION_COMMENTS = YES;
				CLANG_WARN_EMPTY_BODY = YES;
				CLANG_WARN_ENUM_CONVERSION = YES;
				CLANG_WARN_INFINITE_RECURSION = YES;
				CLANG_WARN_INT_CONVERSION = YES;
				CLANG_WARN_NON_LITERAL_NULL_CONVERSION = YES;
				CLANG_WARN_OBJC_IMPLICIT_RETAIN_SELF = YES;
				CLANG_WARN_OBJC_LITERAL_CONVERSION = YES;
				CLANG_WARN_OBJC_ROOT_CLASS = YES_ERROR;
				CLANG_WARN_QUOTED_INCLUDE_IN_FRAMEWORK_HEADER = YES;
				CLANG_WARN_RANGE_LOOP_ANALYSIS = YES;
				CLANG_WARN_STRICT_PROTOTYPES = YES;
				CLANG_WARN_SUSPICIOUS_MOVE = YES;
				CLANG_WARN_UNGUARDED_AVAILABILITY = YES_AGGRESSIVE;
				CLANG_WARN_UNREACHABLE_CODE = YES;
				CLANG_WARN__DUPLICATE_METHOD_MATCH = YES;
				COPY_PHASE_STRIP = NO;
				CURRENT_PROJECT_VERSION = 1;
				DEBUG_INFORMATION_FORMAT = dwarf;
				ENABLE_STRICT_OBJC_MSGSEND = YES;
				ENABLE_TESTABILITY = YES;
				GCC_C_LANGUAGE_STANDARD = gnu11;
				GCC_DYNAMIC_NO_PIC = NO;
				GCC_NO_COMMON_BLOCKS = YES;
				GCC_OPTIMIZATION_LEVEL = 0;
				GCC_PREPROCESSOR_DEFINITIONS = (
					"DEBUG=1",
					"$(inherited)",
				);
				GCC_WARN_64_TO_32_BIT_CONVERSION = YES;
				GCC_WARN_ABOUT_RETURN_TYPE = YES_ERROR;
				GCC_WARN_UNDECLARED_SELECTOR = YES;
				GCC_WARN_UNINITIALIZED_AUTOS = YES_AGGRESSIVE;
				GCC_WARN_UNUSED_FUNCTION = YES;
				GCC_WARN_UNUSED_VARIABLE = YES;
				IPHONEOS_DEPLOYMENT_TARGET = 13.0;
				MACOSX_DEPLOYMENT_TARGET = 10.15;
				MTL_ENABLE_DEBUG_INFO = INCLUDE_SOURCE;
				MTL_FAST_MATH = YES;
				ONLY_ACTIVE_ARCH = YES;
				SDKROOT = iphoneos;
				SWIFT_ACTIVE_COMPILATION_CONDITIONS = DEBUG;
				SWIFT_OPTIMIZATION_LEVEL = "-Onone";
				VERSIONING_SYSTEM = "apple-generic";
				VERSION_INFO_PREFIX = "";
			};
			name = Debug;
		};
		0174DF132480EC1800258824 /* Release */ = {
			isa = XCBuildConfiguration;
			buildSettings = {
				ALWAYS_SEARCH_USER_PATHS = NO;
				CLANG_ANALYZER_NONNULL = YES;
				CLANG_ANALYZER_NUMBER_OBJECT_CONVERSION = YES_AGGRESSIVE;
				CLANG_CXX_LANGUAGE_STANDARD = "gnu++14";
				CLANG_CXX_LIBRARY = "libc++";
				CLANG_ENABLE_MODULES = YES;
				CLANG_ENABLE_OBJC_ARC = YES;
				CLANG_ENABLE_OBJC_WEAK = YES;
				CLANG_WARN_BLOCK_CAPTURE_AUTORELEASING = YES;
				CLANG_WARN_BOOL_CONVERSION = YES;
				CLANG_WARN_COMMA = YES;
				CLANG_WARN_CONSTANT_CONVERSION = YES;
				CLANG_WARN_DEPRECATED_OBJC_IMPLEMENTATIONS = YES;
				CLANG_WARN_DIRECT_OBJC_ISA_USAGE = YES_ERROR;
				CLANG_WARN_DOCUMENTATION_COMMENTS = YES;
				CLANG_WARN_EMPTY_BODY = YES;
				CLANG_WARN_ENUM_CONVERSION = YES;
				CLANG_WARN_INFINITE_RECURSION = YES;
				CLANG_WARN_INT_CONVERSION = YES;
				CLANG_WARN_NON_LITERAL_NULL_CONVERSION = YES;
				CLANG_WARN_OBJC_IMPLICIT_RETAIN_SELF = YES;
				CLANG_WARN_OBJC_LITERAL_CONVERSION = YES;
				CLANG_WARN_OBJC_ROOT_CLASS = YES_ERROR;
				CLANG_WARN_QUOTED_INCLUDE_IN_FRAMEWORK_HEADER = YES;
				CLANG_WARN_RANGE_LOOP_ANALYSIS = YES;
				CLANG_WARN_STRICT_PROTOTYPES = YES;
				CLANG_WARN_SUSPICIOUS_MOVE = YES;
				CLANG_WARN_UNGUARDED_AVAILABILITY = YES_AGGRESSIVE;
				CLANG_WARN_UNREACHABLE_CODE = YES;
				CLANG_WARN__DUPLICATE_METHOD_MATCH = YES;
				COPY_PHASE_STRIP = NO;
				CURRENT_PROJECT_VERSION = 1;
				DEBUG_INFORMATION_FORMAT = "dwarf-with-dsym";
				ENABLE_NS_ASSERTIONS = NO;
				ENABLE_STRICT_OBJC_MSGSEND = YES;
				GCC_C_LANGUAGE_STANDARD = gnu11;
				GCC_NO_COMMON_BLOCKS = YES;
				GCC_WARN_64_TO_32_BIT_CONVERSION = YES;
				GCC_WARN_ABOUT_RETURN_TYPE = YES_ERROR;
				GCC_WARN_UNDECLARED_SELECTOR = YES;
				GCC_WARN_UNINITIALIZED_AUTOS = YES_AGGRESSIVE;
				GCC_WARN_UNUSED_FUNCTION = YES;
				GCC_WARN_UNUSED_VARIABLE = YES;
				IPHONEOS_DEPLOYMENT_TARGET = 13.0;
				MACOSX_DEPLOYMENT_TARGET = 10.15;
				MTL_ENABLE_DEBUG_INFO = NO;
				MTL_FAST_MATH = YES;
				SDKROOT = iphoneos;
				SWIFT_COMPILATION_MODE = wholemodule;
				SWIFT_OPTIMIZATION_LEVEL = "-O";
				VALIDATE_PRODUCT = YES;
				VERSIONING_SYSTEM = "apple-generic";
				VERSION_INFO_PREFIX = "";
			};
			name = Release;
		};
		0174DF2E2480EC7D00258824 /* Debug */ = {
			isa = XCBuildConfiguration;
			buildSettings = {
				CLANG_ENABLE_MODULES = YES;
				CODE_SIGN_STYLE = Automatic;
				DEFINES_MODULE = YES;
				DYLIB_COMPATIBILITY_VERSION = 1;
				DYLIB_CURRENT_VERSION = 1;
				DYLIB_INSTALL_NAME_BASE = "@rpath";
				INFOPLIST_FILE = Sources/Info.plist;
				INSTALL_PATH = "$(LOCAL_LIBRARY_DIR)/Frameworks";
				IPHONEOS_DEPLOYMENT_TARGET = 13.0;
				LD_RUNPATH_SEARCH_PATHS = (
					"$(inherited)",
					"@executable_path/Frameworks",
					"@loader_path/Frameworks",
				);
				PRODUCT_BUNDLE_IDENTIFIER = "com.cmapu.Maple-iOS";
				PRODUCT_NAME = Maple;
				SKIP_INSTALL = YES;
				SUPPORTS_MACCATALYST = YES;
				SWIFT_OPTIMIZATION_LEVEL = "-Onone";
				SWIFT_VERSION = 5.0;
				TARGETED_DEVICE_FAMILY = "1,2";
			};
			name = Debug;
		};
		0174DF2F2480EC7D00258824 /* Release */ = {
			isa = XCBuildConfiguration;
			buildSettings = {
				CLANG_ENABLE_MODULES = YES;
				CODE_SIGN_STYLE = Automatic;
				DEFINES_MODULE = YES;
				DYLIB_COMPATIBILITY_VERSION = 1;
				DYLIB_CURRENT_VERSION = 1;
				DYLIB_INSTALL_NAME_BASE = "@rpath";
				INFOPLIST_FILE = Sources/Info.plist;
				INSTALL_PATH = "$(LOCAL_LIBRARY_DIR)/Frameworks";
				IPHONEOS_DEPLOYMENT_TARGET = 13.0;
				LD_RUNPATH_SEARCH_PATHS = (
					"$(inherited)",
					"@executable_path/Frameworks",
					"@loader_path/Frameworks",
				);
				PRODUCT_BUNDLE_IDENTIFIER = "com.cmapu.Maple-iOS";
				PRODUCT_NAME = Maple;
				SKIP_INSTALL = YES;
				SUPPORTS_MACCATALYST = YES;
				SWIFT_VERSION = 5.0;
				TARGETED_DEVICE_FAMILY = "1,2";
			};
			name = Release;
		};
		0174DF4A2480ECAD00258824 /* Debug */ = {
			isa = XCBuildConfiguration;
			buildSettings = {
				CLANG_ENABLE_MODULES = YES;
				CODE_SIGN_STYLE = Automatic;
				COMBINE_HIDPI_IMAGES = YES;
				DEFINES_MODULE = YES;
				DYLIB_COMPATIBILITY_VERSION = 1;
				DYLIB_CURRENT_VERSION = 1;
				DYLIB_INSTALL_NAME_BASE = "@rpath";
				INFOPLIST_FILE = Sources/Info.plist;
				INSTALL_PATH = "$(LOCAL_LIBRARY_DIR)/Frameworks";
				LD_RUNPATH_SEARCH_PATHS = (
					"$(inherited)",
					"@executable_path/../Frameworks",
					"@loader_path/Frameworks",
				);
				MACOSX_DEPLOYMENT_TARGET = 10.15;
				PRODUCT_BUNDLE_IDENTIFIER = "com.cmapu.Maple-macOS";
				PRODUCT_NAME = Maple;
				SDKROOT = macosx;
				SKIP_INSTALL = YES;
				SWIFT_OPTIMIZATION_LEVEL = "-Onone";
				SWIFT_VERSION = 5.0;
			};
			name = Debug;
		};
		0174DF4B2480ECAD00258824 /* Release */ = {
			isa = XCBuildConfiguration;
			buildSettings = {
				CLANG_ENABLE_MODULES = YES;
				CODE_SIGN_STYLE = Automatic;
				COMBINE_HIDPI_IMAGES = YES;
				DEFINES_MODULE = YES;
				DYLIB_COMPATIBILITY_VERSION = 1;
				DYLIB_CURRENT_VERSION = 1;
				DYLIB_INSTALL_NAME_BASE = "@rpath";
				INFOPLIST_FILE = Sources/Info.plist;
				INSTALL_PATH = "$(LOCAL_LIBRARY_DIR)/Frameworks";
				LD_RUNPATH_SEARCH_PATHS = (
					"$(inherited)",
					"@executable_path/../Frameworks",
					"@loader_path/Frameworks",
				);
				MACOSX_DEPLOYMENT_TARGET = 10.15;
				PRODUCT_BUNDLE_IDENTIFIER = "com.cmapu.Maple-macOS";
				PRODUCT_NAME = Maple;
				SDKROOT = macosx;
				SKIP_INSTALL = YES;
				SWIFT_VERSION = 5.0;
			};
			name = Release;
		};
		0174DFCB2480FCC800258824 /* Debug */ = {
			isa = XCBuildConfiguration;
			buildSettings = {
				CODE_SIGN_IDENTITY = "";
				CODE_SIGN_STYLE = Automatic;
				INFOPLIST_FILE = Tests/Info.plist;
				IPHONEOS_DEPLOYMENT_TARGET = 13.0;
				LD_RUNPATH_SEARCH_PATHS = (
					"$(inherited)",
					"@executable_path/Frameworks",
					"@loader_path/Frameworks",
				);
				PRODUCT_BUNDLE_IDENTIFIER = "com.cmapu.Maple-iOSTests";
				PRODUCT_NAME = "$(TARGET_NAME)";
				SWIFT_VERSION = 5.0;
				TARGETED_DEVICE_FAMILY = "1,2";
			};
			name = Debug;
		};
		0174DFCC2480FCC800258824 /* Release */ = {
			isa = XCBuildConfiguration;
			buildSettings = {
				CODE_SIGN_IDENTITY = "";
				CODE_SIGN_STYLE = Automatic;
				INFOPLIST_FILE = Tests/Info.plist;
				IPHONEOS_DEPLOYMENT_TARGET = 13.0;
				LD_RUNPATH_SEARCH_PATHS = (
					"$(inherited)",
					"@executable_path/Frameworks",
					"@loader_path/Frameworks",
				);
				PRODUCT_BUNDLE_IDENTIFIER = "com.cmapu.Maple-iOSTests";
				PRODUCT_NAME = "$(TARGET_NAME)";
				SWIFT_VERSION = 5.0;
				TARGETED_DEVICE_FAMILY = "1,2";
			};
			name = Release;
		};
		01CEC2F72481F58200CF21B9 /* Debug */ = {
			isa = XCBuildConfiguration;
			buildSettings = {
				CLANG_ENABLE_MODULES = YES;
				CODE_SIGN_IDENTITY = "";
				CODE_SIGN_STYLE = Automatic;
				COMBINE_HIDPI_IMAGES = YES;
				INFOPLIST_FILE = Tests/Info.plist;
				LD_RUNPATH_SEARCH_PATHS = (
					"$(inherited)",
					"@executable_path/../Frameworks",
					"@loader_path/../Frameworks",
				);
				MACOSX_DEPLOYMENT_TARGET = 10.15;
				PRODUCT_BUNDLE_IDENTIFIER = "com.cmapu.Maple-macOSTests";
				PRODUCT_NAME = "$(TARGET_NAME)";
				SDKROOT = macosx;
				SWIFT_OPTIMIZATION_LEVEL = "-Onone";
				SWIFT_VERSION = 5.0;
			};
			name = Debug;
		};
		01CEC2F82481F58200CF21B9 /* Release */ = {
			isa = XCBuildConfiguration;
			buildSettings = {
				CLANG_ENABLE_MODULES = YES;
				CODE_SIGN_IDENTITY = "";
				CODE_SIGN_STYLE = Automatic;
				COMBINE_HIDPI_IMAGES = YES;
				INFOPLIST_FILE = Tests/Info.plist;
				LD_RUNPATH_SEARCH_PATHS = (
					"$(inherited)",
					"@executable_path/../Frameworks",
					"@loader_path/../Frameworks",
				);
				MACOSX_DEPLOYMENT_TARGET = 10.15;
				PRODUCT_BUNDLE_IDENTIFIER = "com.cmapu.Maple-macOSTests";
				PRODUCT_NAME = "$(TARGET_NAME)";
				SDKROOT = macosx;
				SWIFT_VERSION = 5.0;
			};
			name = Release;
		};
/* End XCBuildConfiguration section */

/* Begin XCConfigurationList section */
		0174DF062480EC1800258824 /* Build configuration list for PBXProject "Maple" */ = {
			isa = XCConfigurationList;
			buildConfigurations = (
				0174DF122480EC1800258824 /* Debug */,
				0174DF132480EC1800258824 /* Release */,
			);
			defaultConfigurationIsVisible = 0;
			defaultConfigurationName = Release;
		};
		0174DF2D2480EC7D00258824 /* Build configuration list for PBXNativeTarget "Maple-iOS" */ = {
			isa = XCConfigurationList;
			buildConfigurations = (
				0174DF2E2480EC7D00258824 /* Debug */,
				0174DF2F2480EC7D00258824 /* Release */,
			);
			defaultConfigurationIsVisible = 0;
			defaultConfigurationName = Release;
		};
		0174DF492480ECAD00258824 /* Build configuration list for PBXNativeTarget "Maple-macOS" */ = {
			isa = XCConfigurationList;
			buildConfigurations = (
				0174DF4A2480ECAD00258824 /* Debug */,
				0174DF4B2480ECAD00258824 /* Release */,
			);
			defaultConfigurationIsVisible = 0;
			defaultConfigurationName = Release;
		};
		0174DFCA2480FCC800258824 /* Build configuration list for PBXNativeTarget "Maple-iOSTests" */ = {
			isa = XCConfigurationList;
			buildConfigurations = (
				0174DFCB2480FCC800258824 /* Debug */,
				0174DFCC2480FCC800258824 /* Release */,
			);
			defaultConfigurationIsVisible = 0;
			defaultConfigurationName = Release;
		};
		01CEC2F62481F58200CF21B9 /* Build configuration list for PBXNativeTarget "Maple-macOSTests" */ = {
			isa = XCConfigurationList;
			buildConfigurations = (
				01CEC2F72481F58200CF21B9 /* Debug */,
				01CEC2F82481F58200CF21B9 /* Release */,
			);
			defaultConfigurationIsVisible = 0;
			defaultConfigurationName = Release;
		};
/* End XCConfigurationList section */
	};
	rootObject = 0174DF032480EC1800258824 /* Project object */;
}
